
Microsoft Visual Studio Solution File, Format Version 12.00
# Visual Studio Version 16
VisualStudioVersion = 16.0.29411.108
MinimumVisualStudioVersion = 10.0.40219.1
Project("{FAE04EC0-301F-11D3-BF4B-00C04F79EFBC}") = "Course", "Course\Course.csproj", "{AFB00F1C-C4A2-4B57-A17D-B32E5FCEB3E4}"
EndProject
Global
	GlobalSection(SolutionConfigurationPlatforms) = preSolution
		Debug|Any CPU = Debug|Any CPU
		Release|Any CPU = Release|Any CPU
	EndGlobalSection
	GlobalSection(ProjectConfigurationPlatforms) = postSolution
		{AFB00F1C-C4A2-4B57-A17D-B32E5FCEB3E4}.Debug|Any CPU.ActiveCfg = Debug|Any CPU
		{AFB00F1C-C4A2-4B57-A17D-B32E5FCEB3E4}.Debug|Any CPU.Build.0 = Debug|Any CPU
		{AFB00F1C-C4A2-4B57-A17D-B32E5FCEB3E4}.Release|Any CPU.ActiveCfg = Release|Any CPU
		{AFB00F1C-C4A2-4B57-A17D-B32E5FCEB3E4}.Release|Any CPU.Build.0 = Release|Any CPU
	EndGlobalSection
	GlobalSection(SolutionProperties) = preSolution
		HideSolutionNode = FALSE
	EndGlobalSection
	GlobalSection(ExtensibilityGlobals) = postSolution
		SolutionGuid = {71673A3A-2C51-417D-9366-F61CC87C6330}
	EndGlobalSection
EndGlobal
