
Microsoft Visual Studio Solution File, Format Version 12.00
# Visual Studio Version 16
VisualStudioVersion = 16.0.29509.3
MinimumVisualStudioVersion = 10.0.40219.1
Project("{FAE04EC0-301F-11D3-BF4B-00C04F79EFBC}") = "Reservation", "Reservation\Reservation.csproj", "{07911174-A5D7-41C9-B04F-7AA9E225C566}"
EndProject
Global
	GlobalSection(SolutionConfigurationPlatforms) = preSolution
		Debug|Any CPU = Debug|Any CPU
		Release|Any CPU = Release|Any CPU
	EndGlobalSection
	GlobalSection(ProjectConfigurationPlatforms) = postSolution
		{07911174-A5D7-41C9-B04F-7AA9E225C566}.Debug|Any CPU.ActiveCfg = Debug|Any CPU
		{07911174-A5D7-41C9-B04F-7AA9E225C566}.Debug|Any CPU.Build.0 = Debug|Any CPU
		{07911174-A5D7-41C9-B04F-7AA9E225C566}.Release|Any CPU.ActiveCfg = Release|Any CPU
		{07911174-A5D7-41C9-B04F-7AA9E225C566}.Release|Any CPU.Build.0 = Release|Any CPU
	EndGlobalSection
	GlobalSection(SolutionProperties) = preSolution
		HideSolutionNode = FALSE
	EndGlobalSection
	GlobalSection(ExtensibilityGlobals) = postSolution
		SolutionGuid = {2760A0A2-137C-4C0F-8A16-AE4418CFFBBE}
	EndGlobalSection
EndGlobal
