
Microsoft Visual Studio Solution File, Format Version 12.00
# Visual Studio Version 16
VisualStudioVersion = 16.0.29613.14
MinimumVisualStudioVersion = 10.0.40219.1
Project("{FAE04EC0-301F-11D3-BF4B-00C04F79EFBC}") = "InterfaceNew", "InterfaceNew\InterfaceNew.csproj", "{CE7ED41B-9CE5-4446-8765-6FBC1B5F9980}"
EndProject
Global
	GlobalSection(SolutionConfigurationPlatforms) = preSolution
		Debug|Any CPU = Debug|Any CPU
		Release|Any CPU = Release|Any CPU
	EndGlobalSection
	GlobalSection(ProjectConfigurationPlatforms) = postSolution
		{CE7ED41B-9CE5-4446-8765-6FBC1B5F9980}.Debug|Any CPU.ActiveCfg = Debug|Any CPU
		{CE7ED41B-9CE5-4446-8765-6FBC1B5F9980}.Debug|Any CPU.Build.0 = Debug|Any CPU
		{CE7ED41B-9CE5-4446-8765-6FBC1B5F9980}.Release|Any CPU.ActiveCfg = Release|Any CPU
		{CE7ED41B-9CE5-4446-8765-6FBC1B5F9980}.Release|Any CPU.Build.0 = Release|Any CPU
	EndGlobalSection
	GlobalSection(SolutionProperties) = preSolution
		HideSolutionNode = FALSE
	EndGlobalSection
	GlobalSection(ExtensibilityGlobals) = postSolution
		SolutionGuid = {A7B25803-EC5E-4617-840D-F960F5288848}
	EndGlobalSection
EndGlobal
